
Microsoft Visual Studio Solution File, Format Version 12.00
# Visual Studio Version 16
VisualStudioVersion = 16.0.31729.503
MinimumVisualStudioVersion = 10.0.40219.1
Project("{FAE04EC0-301F-11D3-BF4B-00C04F79EFBC}") = "AWS-Connect-Manager", "AWS-Connect-Manager\AWS-Connect-Manager.csproj", "{4733626A-6650-435F-B3C3-632CA184E6D2}"
EndProject
Global
	GlobalSection(SolutionConfigurationPlatforms) = preSolution
		Debug|Any CPU = Debug|Any CPU
		Release|Any CPU = Release|Any CPU
	EndGlobalSection
	GlobalSection(ProjectConfigurationPlatforms) = postSolution
		{4733626A-6650-435F-B3C3-632CA184E6D2}.Debug|Any CPU.ActiveCfg = Debug|Any CPU
		{4733626A-6650-435F-B3C3-632CA184E6D2}.Debug|Any CPU.Build.0 = Debug|Any CPU
		{4733626A-6650-435F-B3C3-632CA184E6D2}.Release|Any CPU.ActiveCfg = Release|Any CPU
		{4733626A-6650-435F-B3C3-632CA184E6D2}.Release|Any CPU.Build.0 = Release|Any CPU
	EndGlobalSection
	GlobalSection(SolutionProperties) = preSolution
		HideSolutionNode = FALSE
	EndGlobalSection
	GlobalSection(ExtensibilityGlobals) = postSolution
		SolutionGuid = {F19ADDE9-E412-47CC-94F4-6397C3111688}
	EndGlobalSection
EndGlobal
